
Microsoft Visual Studio Solution File, Format Version 12.00
# Visual Studio 14
VisualStudioVersion = 14.0.24720.0
MinimumVisualStudioVersion = 10.0.40219.1
Project("{2150E333-8FDC-42A3-9474-1A3956D46DE8}") = "NKCore", "NKCore", "{5AA1F381-D9B9-4906-B9A0-D9F1592F7A13}"
EndProject
Project("{2150E333-8FDC-42A3-9474-1A3956D46DE8}") = "NKElectro", "NKElectro", "{16D59ACC-9DAA-4487-8052-08C9815E9E1B}"
EndProject
Project("{2150E333-8FDC-42A3-9474-1A3956D46DE8}") = "NKScripting", "NKScripting", "{F3B6E499-13C0-4C52-8048-37B010285812}"
EndProject
Project("{2150E333-8FDC-42A3-9474-1A3956D46DE8}") = "common", "common", "{0B7D908F-5B15-4D9D-89BF-A9B4A9497492}"
EndProject
Project("{2150E333-8FDC-42A3-9474-1A3956D46DE8}") = "nodekit", "nodekit", "{0703F30E-8EE3-4C9C-9653-2FEBB1D3230D}"
EndProject
Project("{2150E333-8FDC-42A3-9474-1A3956D46DE8}") = "nodekit-sample", "nodekit-sample", "{B55F389A-1A9E-4EC3-8017-ABBD10D63FCC}"
EndProject
Project("{2150E333-8FDC-42A3-9474-1A3956D46DE8}") = "app", "app", "{D8EE0657-3E16-4F0C-80E2-EFE865323636}"
EndProject
Project("{2150E333-8FDC-42A3-9474-1A3956D46DE8}") = "plugin", "plugin", "{1C8FC806-2028-4740-8E53-AAAFB415AD67}"
EndProject
Project("{2150E333-8FDC-42A3-9474-1A3956D46DE8}") = "test", "test", "{264617C2-9321-4239-982F-2F9ED6F7231A}"
EndProject
Project("{FAE04EC0-301F-11D3-BF4B-00C04F79EFBC}") = "nodekit-sample", "nodekit-sample\app\nodekit-sample\nodekit-sample.csproj", "{B4EA411A-62B2-48C5-A4A3-EC8BFAD44540}"
EndProject
Project("{FAE04EC0-301F-11D3-BF4B-00C04F79EFBC}") = "io.nodekit.Samples.Plugin", "nodekit-sample\plugin\io.nodekit.Samples.Plugin\io.nodekit.Samples.Plugin.csproj", "{8FACD300-7947-497A-B84A-26F41B684435}"
EndProject
Project("{D954291E-2A0B-460D-934E-DC6B0785DB48}") = "NKScripting-common", "nodekit\NKScripting\common\NKScripting-common.shproj", "{9CE711AF-7EF7-40B6-87F9-C0B70A908358}"
EndProject
Project("{FAE04EC0-301F-11D3-BF4B-00C04F79EFBC}") = "NKScripting-platform-universal", "nodekit\NKScripting\platform-universal\NKScripting-platform-universal.csproj", "{594C5DF0-10B2-4AFD-B378-5E07901655C9}"
EndProject
Project("{FAE04EC0-301F-11D3-BF4B-00C04F79EFBC}") = "NKScripting-platform-win32", "nodekit\NKScripting\platform-win32\NKScripting-platform-win32.csproj", "{2F65CD64-B8AE-4257-93DB-87334EA341F3}"
EndProject
Project("{FAE04EC0-301F-11D3-BF4B-00C04F79EFBC}") = "NKElectro-platform-universal", "nodekit\NKElectro\platform-universal\NKElectro-platform-universal.csproj", "{67D51785-F307-4FE5-96FA-B8D660800D7E}"
EndProject
Project("{FAE04EC0-301F-11D3-BF4B-00C04F79EFBC}") = "NKElectro-platform-win32", "nodekit\NKElectro\platform-win32\NKElectro-platform-win32.csproj", "{3EDA8D90-C03F-4781-905A-E38F49E423E9}"
EndProject
Project("{D954291E-2A0B-460D-934E-DC6B0785DB48}") = "NKElectro-common", "nodekit\NKElectro\common\NKElectro-common.shproj", "{5C60B8BC-84D4-433B-901D-4BB7749418C5}"
EndProject
Global
	GlobalSection(SharedMSBuildProjectFiles) = preSolution
		nodekit\NKElectro\common\io.nodekit.NKElectro.shared.projitems*{5c60b8bc-84d4-433b-901d-4bb7749418c5}*SharedItemsImports = 13
		nodekit\NKScripting\common\io.nodekit.NKScripting.shared.projitems*{2f65cd64-b8ae-4257-93db-87334ea341f3}*SharedItemsImports = 4
		nodekit\NKScripting\common\io.nodekit.NKScripting.shared.projitems*{594c5df0-10b2-4afd-b378-5e07901655c9}*SharedItemsImports = 4
		nodekit\NKElectro\common\io.nodekit.NKElectro.shared.projitems*{3eda8d90-c03f-4781-905a-e38f49e423e9}*SharedItemsImports = 4
		nodekit\NKScripting\common\io.nodekit.NKScripting.shared.projitems*{9ce711af-7ef7-40b6-87f9-c0b70a908358}*SharedItemsImports = 13
		nodekit\NKElectro\common\io.nodekit.NKElectro.shared.projitems*{67d51785-f307-4fe5-96fa-b8d660800d7e}*SharedItemsImports = 4
	EndGlobalSection
	GlobalSection(SolutionConfigurationPlatforms) = preSolution
		Debug|Any CPU = Debug|Any CPU
		Debug|ARM = Debug|ARM
		Debug|x64 = Debug|x64
		Debug|x86 = Debug|x86
		Release|Any CPU = Release|Any CPU
		Release|ARM = Release|ARM
		Release|x64 = Release|x64
		Release|x86 = Release|x86
	EndGlobalSection
	GlobalSection(ProjectConfigurationPlatforms) = postSolution
		{B4EA411A-62B2-48C5-A4A3-EC8BFAD44540}.Debug|Any CPU.ActiveCfg = Debug|x64
		{B4EA411A-62B2-48C5-A4A3-EC8BFAD44540}.Debug|Any CPU.Build.0 = Debug|x64
		{B4EA411A-62B2-48C5-A4A3-EC8BFAD44540}.Debug|Any CPU.Deploy.0 = Debug|x64
		{B4EA411A-62B2-48C5-A4A3-EC8BFAD44540}.Debug|ARM.ActiveCfg = Debug|ARM
		{B4EA411A-62B2-48C5-A4A3-EC8BFAD44540}.Debug|ARM.Build.0 = Debug|ARM
		{B4EA411A-62B2-48C5-A4A3-EC8BFAD44540}.Debug|ARM.Deploy.0 = Debug|ARM
		{B4EA411A-62B2-48C5-A4A3-EC8BFAD44540}.Debug|x64.ActiveCfg = Debug|x64
		{B4EA411A-62B2-48C5-A4A3-EC8BFAD44540}.Debug|x64.Build.0 = Debug|x64
		{B4EA411A-62B2-48C5-A4A3-EC8BFAD44540}.Debug|x64.Deploy.0 = Debug|x64
		{B4EA411A-62B2-48C5-A4A3-EC8BFAD44540}.Debug|x86.ActiveCfg = Debug|x86
		{B4EA411A-62B2-48C5-A4A3-EC8BFAD44540}.Debug|x86.Build.0 = Debug|x86
		{B4EA411A-62B2-48C5-A4A3-EC8BFAD44540}.Debug|x86.Deploy.0 = Debug|x86
		{B4EA411A-62B2-48C5-A4A3-EC8BFAD44540}.Release|Any CPU.ActiveCfg = Release|x86
		{B4EA411A-62B2-48C5-A4A3-EC8BFAD44540}.Release|ARM.ActiveCfg = Release|ARM
		{B4EA411A-62B2-48C5-A4A3-EC8BFAD44540}.Release|ARM.Build.0 = Release|ARM
		{B4EA411A-62B2-48C5-A4A3-EC8BFAD44540}.Release|ARM.Deploy.0 = Release|ARM
		{B4EA411A-62B2-48C5-A4A3-EC8BFAD44540}.Release|x64.ActiveCfg = Release|x64
		{B4EA411A-62B2-48C5-A4A3-EC8BFAD44540}.Release|x64.Build.0 = Release|x64
		{B4EA411A-62B2-48C5-A4A3-EC8BFAD44540}.Release|x64.Deploy.0 = Release|x64
		{B4EA411A-62B2-48C5-A4A3-EC8BFAD44540}.Release|x86.ActiveCfg = Release|x86
		{B4EA411A-62B2-48C5-A4A3-EC8BFAD44540}.Release|x86.Build.0 = Release|x86
		{B4EA411A-62B2-48C5-A4A3-EC8BFAD44540}.Release|x86.Deploy.0 = Release|x86
		{8FACD300-7947-497A-B84A-26F41B684435}.Debug|Any CPU.ActiveCfg = Debug|Any CPU
		{8FACD300-7947-497A-B84A-26F41B684435}.Debug|Any CPU.Build.0 = Debug|Any CPU
		{8FACD300-7947-497A-B84A-26F41B684435}.Debug|ARM.ActiveCfg = Debug|ARM
		{8FACD300-7947-497A-B84A-26F41B684435}.Debug|ARM.Build.0 = Debug|ARM
		{8FACD300-7947-497A-B84A-26F41B684435}.Debug|x64.ActiveCfg = Debug|x64
		{8FACD300-7947-497A-B84A-26F41B684435}.Debug|x64.Build.0 = Debug|x64
		{8FACD300-7947-497A-B84A-26F41B684435}.Debug|x86.ActiveCfg = Debug|x86
		{8FACD300-7947-497A-B84A-26F41B684435}.Debug|x86.Build.0 = Debug|x86
		{8FACD300-7947-497A-B84A-26F41B684435}.Release|Any CPU.ActiveCfg = Release|Any CPU
		{8FACD300-7947-497A-B84A-26F41B684435}.Release|Any CPU.Build.0 = Release|Any CPU
		{8FACD300-7947-497A-B84A-26F41B684435}.Release|ARM.ActiveCfg = Release|ARM
		{8FACD300-7947-497A-B84A-26F41B684435}.Release|ARM.Build.0 = Release|ARM
		{8FACD300-7947-497A-B84A-26F41B684435}.Release|x64.ActiveCfg = Release|x64
		{8FACD300-7947-497A-B84A-26F41B684435}.Release|x64.Build.0 = Release|x64
		{8FACD300-7947-497A-B84A-26F41B684435}.Release|x86.ActiveCfg = Release|x86
		{8FACD300-7947-497A-B84A-26F41B684435}.Release|x86.Build.0 = Release|x86
		{594C5DF0-10B2-4AFD-B378-5E07901655C9}.Debug|Any CPU.ActiveCfg = Debug|Any CPU
		{594C5DF0-10B2-4AFD-B378-5E07901655C9}.Debug|Any CPU.Build.0 = Debug|Any CPU
		{594C5DF0-10B2-4AFD-B378-5E07901655C9}.Debug|ARM.ActiveCfg = Debug|ARM
		{594C5DF0-10B2-4AFD-B378-5E07901655C9}.Debug|ARM.Build.0 = Debug|ARM
		{594C5DF0-10B2-4AFD-B378-5E07901655C9}.Debug|x64.ActiveCfg = Debug|x64
		{594C5DF0-10B2-4AFD-B378-5E07901655C9}.Debug|x64.Build.0 = Debug|x64
		{594C5DF0-10B2-4AFD-B378-5E07901655C9}.Debug|x86.ActiveCfg = Debug|x86
		{594C5DF0-10B2-4AFD-B378-5E07901655C9}.Debug|x86.Build.0 = Debug|x86
		{594C5DF0-10B2-4AFD-B378-5E07901655C9}.Release|Any CPU.ActiveCfg = Release|Any CPU
		{594C5DF0-10B2-4AFD-B378-5E07901655C9}.Release|Any CPU.Build.0 = Release|Any CPU
		{594C5DF0-10B2-4AFD-B378-5E07901655C9}.Release|ARM.ActiveCfg = Release|ARM
		{594C5DF0-10B2-4AFD-B378-5E07901655C9}.Release|ARM.Build.0 = Release|ARM
		{594C5DF0-10B2-4AFD-B378-5E07901655C9}.Release|x64.ActiveCfg = Release|x64
		{594C5DF0-10B2-4AFD-B378-5E07901655C9}.Release|x64.Build.0 = Release|x64
		{594C5DF0-10B2-4AFD-B378-5E07901655C9}.Release|x86.ActiveCfg = Release|x86
		{594C5DF0-10B2-4AFD-B378-5E07901655C9}.Release|x86.Build.0 = Release|x86
		{2F65CD64-B8AE-4257-93DB-87334EA341F3}.Debug|Any CPU.ActiveCfg = Debug|Any CPU
		{2F65CD64-B8AE-4257-93DB-87334EA341F3}.Debug|Any CPU.Build.0 = Debug|Any CPU
		{2F65CD64-B8AE-4257-93DB-87334EA341F3}.Debug|ARM.ActiveCfg = Debug|Any CPU
		{2F65CD64-B8AE-4257-93DB-87334EA341F3}.Debug|ARM.Build.0 = Debug|Any CPU
		{2F65CD64-B8AE-4257-93DB-87334EA341F3}.Debug|x64.ActiveCfg = Debug|Any CPU
		{2F65CD64-B8AE-4257-93DB-87334EA341F3}.Debug|x64.Build.0 = Debug|Any CPU
		{2F65CD64-B8AE-4257-93DB-87334EA341F3}.Debug|x86.ActiveCfg = Debug|Any CPU
		{2F65CD64-B8AE-4257-93DB-87334EA341F3}.Debug|x86.Build.0 = Debug|Any CPU
		{2F65CD64-B8AE-4257-93DB-87334EA341F3}.Release|Any CPU.ActiveCfg = Release|Any CPU
		{2F65CD64-B8AE-4257-93DB-87334EA341F3}.Release|Any CPU.Build.0 = Release|Any CPU
		{2F65CD64-B8AE-4257-93DB-87334EA341F3}.Release|ARM.ActiveCfg = Release|Any CPU
		{2F65CD64-B8AE-4257-93DB-87334EA341F3}.Release|ARM.Build.0 = Release|Any CPU
		{2F65CD64-B8AE-4257-93DB-87334EA341F3}.Release|x64.ActiveCfg = Release|Any CPU
		{2F65CD64-B8AE-4257-93DB-87334EA341F3}.Release|x64.Build.0 = Release|Any CPU
		{2F65CD64-B8AE-4257-93DB-87334EA341F3}.Release|x86.ActiveCfg = Release|Any CPU
		{2F65CD64-B8AE-4257-93DB-87334EA341F3}.Release|x86.Build.0 = Release|Any CPU
		{67D51785-F307-4FE5-96FA-B8D660800D7E}.Debug|Any CPU.ActiveCfg = Debug|Any CPU
		{67D51785-F307-4FE5-96FA-B8D660800D7E}.Debug|Any CPU.Build.0 = Debug|Any CPU
		{67D51785-F307-4FE5-96FA-B8D660800D7E}.Debug|ARM.ActiveCfg = Debug|ARM
		{67D51785-F307-4FE5-96FA-B8D660800D7E}.Debug|ARM.Build.0 = Debug|ARM
		{67D51785-F307-4FE5-96FA-B8D660800D7E}.Debug|x64.ActiveCfg = Debug|x64
		{67D51785-F307-4FE5-96FA-B8D660800D7E}.Debug|x64.Build.0 = Debug|x64
		{67D51785-F307-4FE5-96FA-B8D660800D7E}.Debug|x86.ActiveCfg = Debug|x86
		{67D51785-F307-4FE5-96FA-B8D660800D7E}.Debug|x86.Build.0 = Debug|x86
		{67D51785-F307-4FE5-96FA-B8D660800D7E}.Release|Any CPU.ActiveCfg = Release|Any CPU
		{67D51785-F307-4FE5-96FA-B8D660800D7E}.Release|Any CPU.Build.0 = Release|Any CPU
		{67D51785-F307-4FE5-96FA-B8D660800D7E}.Release|ARM.ActiveCfg = Release|ARM
		{67D51785-F307-4FE5-96FA-B8D660800D7E}.Release|ARM.Build.0 = Release|ARM
		{67D51785-F307-4FE5-96FA-B8D660800D7E}.Release|x64.ActiveCfg = Release|x64
		{67D51785-F307-4FE5-96FA-B8D660800D7E}.Release|x64.Build.0 = Release|x64
		{67D51785-F307-4FE5-96FA-B8D660800D7E}.Release|x86.ActiveCfg = Release|x86
		{67D51785-F307-4FE5-96FA-B8D660800D7E}.Release|x86.Build.0 = Release|x86
		{3EDA8D90-C03F-4781-905A-E38F49E423E9}.Debug|Any CPU.ActiveCfg = Debug|Any CPU
		{3EDA8D90-C03F-4781-905A-E38F49E423E9}.Debug|Any CPU.Build.0 = Debug|Any CPU
		{3EDA8D90-C03F-4781-905A-E38F49E423E9}.Debug|ARM.ActiveCfg = Debug|Any CPU
		{3EDA8D90-C03F-4781-905A-E38F49E423E9}.Debug|ARM.Build.0 = Debug|Any CPU
		{3EDA8D90-C03F-4781-905A-E38F49E423E9}.Debug|x64.ActiveCfg = Debug|Any CPU
		{3EDA8D90-C03F-4781-905A-E38F49E423E9}.Debug|x64.Build.0 = Debug|Any CPU
		{3EDA8D90-C03F-4781-905A-E38F49E423E9}.Debug|x86.ActiveCfg = Debug|Any CPU
		{3EDA8D90-C03F-4781-905A-E38F49E423E9}.Debug|x86.Build.0 = Debug|Any CPU
		{3EDA8D90-C03F-4781-905A-E38F49E423E9}.Release|Any CPU.ActiveCfg = Release|Any CPU
		{3EDA8D90-C03F-4781-905A-E38F49E423E9}.Release|Any CPU.Build.0 = Release|Any CPU
		{3EDA8D90-C03F-4781-905A-E38F49E423E9}.Release|ARM.ActiveCfg = Release|Any CPU
		{3EDA8D90-C03F-4781-905A-E38F49E423E9}.Release|ARM.Build.0 = Release|Any CPU
		{3EDA8D90-C03F-4781-905A-E38F49E423E9}.Release|x64.ActiveCfg = Release|Any CPU
		{3EDA8D90-C03F-4781-905A-E38F49E423E9}.Release|x64.Build.0 = Release|Any CPU
		{3EDA8D90-C03F-4781-905A-E38F49E423E9}.Release|x86.ActiveCfg = Release|Any CPU
		{3EDA8D90-C03F-4781-905A-E38F49E423E9}.Release|x86.Build.0 = Release|Any CPU
	EndGlobalSection
	GlobalSection(SolutionProperties) = preSolution
		HideSolutionNode = FALSE
	EndGlobalSection
	GlobalSection(NestedProjects) = preSolution
		{5AA1F381-D9B9-4906-B9A0-D9F1592F7A13} = {0703F30E-8EE3-4C9C-9653-2FEBB1D3230D}
		{16D59ACC-9DAA-4487-8052-08C9815E9E1B} = {0703F30E-8EE3-4C9C-9653-2FEBB1D3230D}
		{F3B6E499-13C0-4C52-8048-37B010285812} = {0703F30E-8EE3-4C9C-9653-2FEBB1D3230D}
		{0B7D908F-5B15-4D9D-89BF-A9B4A9497492} = {0703F30E-8EE3-4C9C-9653-2FEBB1D3230D}
		{D8EE0657-3E16-4F0C-80E2-EFE865323636} = {B55F389A-1A9E-4EC3-8017-ABBD10D63FCC}
		{1C8FC806-2028-4740-8E53-AAAFB415AD67} = {B55F389A-1A9E-4EC3-8017-ABBD10D63FCC}
		{264617C2-9321-4239-982F-2F9ED6F7231A} = {B55F389A-1A9E-4EC3-8017-ABBD10D63FCC}
		{B4EA411A-62B2-48C5-A4A3-EC8BFAD44540} = {D8EE0657-3E16-4F0C-80E2-EFE865323636}
		{8FACD300-7947-497A-B84A-26F41B684435} = {1C8FC806-2028-4740-8E53-AAAFB415AD67}
		{9CE711AF-7EF7-40B6-87F9-C0B70A908358} = {F3B6E499-13C0-4C52-8048-37B010285812}
		{594C5DF0-10B2-4AFD-B378-5E07901655C9} = {F3B6E499-13C0-4C52-8048-37B010285812}
		{2F65CD64-B8AE-4257-93DB-87334EA341F3} = {F3B6E499-13C0-4C52-8048-37B010285812}
		{67D51785-F307-4FE5-96FA-B8D660800D7E} = {16D59ACC-9DAA-4487-8052-08C9815E9E1B}
		{3EDA8D90-C03F-4781-905A-E38F49E423E9} = {16D59ACC-9DAA-4487-8052-08C9815E9E1B}
		{5C60B8BC-84D4-433B-901D-4BB7749418C5} = {16D59ACC-9DAA-4487-8052-08C9815E9E1B}
	EndGlobalSection
EndGlobal
