
Microsoft Visual Studio Solution File, Format Version 12.00
# Visual Studio 14
VisualStudioVersion = 14.0.24720.0
MinimumVisualStudioVersion = 10.0.40219.1
Project("{2150E333-8FDC-42A3-9474-1A3956D46DE8}") = "NKCore", "NKCore", "{5AA1F381-D9B9-4906-B9A0-D9F1592F7A13}"
EndProject
Project("{2150E333-8FDC-42A3-9474-1A3956D46DE8}") = "NKElectro", "NKElectro", "{16D59ACC-9DAA-4487-8052-08C9815E9E1B}"
EndProject
Project("{2150E333-8FDC-42A3-9474-1A3956D46DE8}") = "NKScripting", "NKScripting", "{F3B6E499-13C0-4C52-8048-37B010285812}"
EndProject
Project("{2150E333-8FDC-42A3-9474-1A3956D46DE8}") = "common", "common", "{0B7D908F-5B15-4D9D-89BF-A9B4A9497492}"
EndProject
Project("{FAE04EC0-301F-11D3-BF4B-00C04F79EFBC}") = "io.nodekit.NKScripting", "nodekit\NKScripting\io.nodekit.NKScripting\io.nodekit.NKScripting.csproj", "{6D406FF6-21AD-4488-BBD3-0BEB925E2BC8}"
EndProject
Project("{2150E333-8FDC-42A3-9474-1A3956D46DE8}") = "nodekit", "nodekit", "{0703F30E-8EE3-4C9C-9653-2FEBB1D3230D}"
EndProject
Project("{2150E333-8FDC-42A3-9474-1A3956D46DE8}") = "nodekit-sample", "nodekit-sample", "{B55F389A-1A9E-4EC3-8017-ABBD10D63FCC}"
EndProject
Project("{2150E333-8FDC-42A3-9474-1A3956D46DE8}") = "app", "app", "{D8EE0657-3E16-4F0C-80E2-EFE865323636}"
EndProject
Project("{2150E333-8FDC-42A3-9474-1A3956D46DE8}") = "plugin", "plugin", "{1C8FC806-2028-4740-8E53-AAAFB415AD67}"
EndProject
Project("{2150E333-8FDC-42A3-9474-1A3956D46DE8}") = "test", "test", "{264617C2-9321-4239-982F-2F9ED6F7231A}"
EndProject
Project("{FAE04EC0-301F-11D3-BF4B-00C04F79EFBC}") = "nodekit-sample", "nodekit-sample\app\nodekit-sample\nodekit-sample.csproj", "{B4EA411A-62B2-48C5-A4A3-EC8BFAD44540}"
EndProject
Project("{FAE04EC0-301F-11D3-BF4B-00C04F79EFBC}") = "io.nodekit.Samples.Plugin", "nodekit-sample\plugin\io.nodekit.Samples.Plugin\io.nodekit.Samples.Plugin.csproj", "{8FACD300-7947-497A-B84A-26F41B684435}"
EndProject
Global
	GlobalSection(SolutionConfigurationPlatforms) = preSolution
		Debug|Any CPU = Debug|Any CPU
		Debug|ARM = Debug|ARM
		Debug|x64 = Debug|x64
		Debug|x86 = Debug|x86
		Release|Any CPU = Release|Any CPU
		Release|ARM = Release|ARM
		Release|x64 = Release|x64
		Release|x86 = Release|x86
	EndGlobalSection
	GlobalSection(ProjectConfigurationPlatforms) = postSolution
		{6D406FF6-21AD-4488-BBD3-0BEB925E2BC8}.Debug|Any CPU.ActiveCfg = Debug|Any CPU
		{6D406FF6-21AD-4488-BBD3-0BEB925E2BC8}.Debug|Any CPU.Build.0 = Debug|Any CPU
		{6D406FF6-21AD-4488-BBD3-0BEB925E2BC8}.Debug|ARM.ActiveCfg = Debug|ARM
		{6D406FF6-21AD-4488-BBD3-0BEB925E2BC8}.Debug|ARM.Build.0 = Debug|ARM
		{6D406FF6-21AD-4488-BBD3-0BEB925E2BC8}.Debug|x64.ActiveCfg = Debug|x64
		{6D406FF6-21AD-4488-BBD3-0BEB925E2BC8}.Debug|x64.Build.0 = Debug|x64
		{6D406FF6-21AD-4488-BBD3-0BEB925E2BC8}.Debug|x86.ActiveCfg = Debug|x86
		{6D406FF6-21AD-4488-BBD3-0BEB925E2BC8}.Debug|x86.Build.0 = Debug|x86
		{6D406FF6-21AD-4488-BBD3-0BEB925E2BC8}.Release|Any CPU.ActiveCfg = Release|Any CPU
		{6D406FF6-21AD-4488-BBD3-0BEB925E2BC8}.Release|Any CPU.Build.0 = Release|Any CPU
		{6D406FF6-21AD-4488-BBD3-0BEB925E2BC8}.Release|ARM.ActiveCfg = Release|ARM
		{6D406FF6-21AD-4488-BBD3-0BEB925E2BC8}.Release|ARM.Build.0 = Release|ARM
		{6D406FF6-21AD-4488-BBD3-0BEB925E2BC8}.Release|x64.ActiveCfg = Release|x64
		{6D406FF6-21AD-4488-BBD3-0BEB925E2BC8}.Release|x64.Build.0 = Release|x64
		{6D406FF6-21AD-4488-BBD3-0BEB925E2BC8}.Release|x86.ActiveCfg = Release|x86
		{6D406FF6-21AD-4488-BBD3-0BEB925E2BC8}.Release|x86.Build.0 = Release|x86
		{B4EA411A-62B2-48C5-A4A3-EC8BFAD44540}.Debug|Any CPU.ActiveCfg = Debug|x64
		{B4EA411A-62B2-48C5-A4A3-EC8BFAD44540}.Debug|Any CPU.Build.0 = Debug|x64
		{B4EA411A-62B2-48C5-A4A3-EC8BFAD44540}.Debug|Any CPU.Deploy.0 = Debug|x64
		{B4EA411A-62B2-48C5-A4A3-EC8BFAD44540}.Debug|ARM.ActiveCfg = Debug|ARM
		{B4EA411A-62B2-48C5-A4A3-EC8BFAD44540}.Debug|ARM.Build.0 = Debug|ARM
		{B4EA411A-62B2-48C5-A4A3-EC8BFAD44540}.Debug|ARM.Deploy.0 = Debug|ARM
		{B4EA411A-62B2-48C5-A4A3-EC8BFAD44540}.Debug|x64.ActiveCfg = Debug|x64
		{B4EA411A-62B2-48C5-A4A3-EC8BFAD44540}.Debug|x64.Build.0 = Debug|x64
		{B4EA411A-62B2-48C5-A4A3-EC8BFAD44540}.Debug|x64.Deploy.0 = Debug|x64
		{B4EA411A-62B2-48C5-A4A3-EC8BFAD44540}.Debug|x86.ActiveCfg = Debug|x86
		{B4EA411A-62B2-48C5-A4A3-EC8BFAD44540}.Debug|x86.Build.0 = Debug|x86
		{B4EA411A-62B2-48C5-A4A3-EC8BFAD44540}.Debug|x86.Deploy.0 = Debug|x86
		{B4EA411A-62B2-48C5-A4A3-EC8BFAD44540}.Release|Any CPU.ActiveCfg = Release|x86
		{B4EA411A-62B2-48C5-A4A3-EC8BFAD44540}.Release|ARM.ActiveCfg = Release|ARM
		{B4EA411A-62B2-48C5-A4A3-EC8BFAD44540}.Release|ARM.Build.0 = Release|ARM
		{B4EA411A-62B2-48C5-A4A3-EC8BFAD44540}.Release|ARM.Deploy.0 = Release|ARM
		{B4EA411A-62B2-48C5-A4A3-EC8BFAD44540}.Release|x64.ActiveCfg = Release|x64
		{B4EA411A-62B2-48C5-A4A3-EC8BFAD44540}.Release|x64.Build.0 = Release|x64
		{B4EA411A-62B2-48C5-A4A3-EC8BFAD44540}.Release|x64.Deploy.0 = Release|x64
		{B4EA411A-62B2-48C5-A4A3-EC8BFAD44540}.Release|x86.ActiveCfg = Release|x86
		{B4EA411A-62B2-48C5-A4A3-EC8BFAD44540}.Release|x86.Build.0 = Release|x86
		{B4EA411A-62B2-48C5-A4A3-EC8BFAD44540}.Release|x86.Deploy.0 = Release|x86
		{8FACD300-7947-497A-B84A-26F41B684435}.Debug|Any CPU.ActiveCfg = Debug|Any CPU
		{8FACD300-7947-497A-B84A-26F41B684435}.Debug|Any CPU.Build.0 = Debug|Any CPU
		{8FACD300-7947-497A-B84A-26F41B684435}.Debug|ARM.ActiveCfg = Debug|ARM
		{8FACD300-7947-497A-B84A-26F41B684435}.Debug|ARM.Build.0 = Debug|ARM
		{8FACD300-7947-497A-B84A-26F41B684435}.Debug|x64.ActiveCfg = Debug|x64
		{8FACD300-7947-497A-B84A-26F41B684435}.Debug|x64.Build.0 = Debug|x64
		{8FACD300-7947-497A-B84A-26F41B684435}.Debug|x86.ActiveCfg = Debug|x86
		{8FACD300-7947-497A-B84A-26F41B684435}.Debug|x86.Build.0 = Debug|x86
		{8FACD300-7947-497A-B84A-26F41B684435}.Release|Any CPU.ActiveCfg = Release|Any CPU
		{8FACD300-7947-497A-B84A-26F41B684435}.Release|Any CPU.Build.0 = Release|Any CPU
		{8FACD300-7947-497A-B84A-26F41B684435}.Release|ARM.ActiveCfg = Release|ARM
		{8FACD300-7947-497A-B84A-26F41B684435}.Release|ARM.Build.0 = Release|ARM
		{8FACD300-7947-497A-B84A-26F41B684435}.Release|x64.ActiveCfg = Release|x64
		{8FACD300-7947-497A-B84A-26F41B684435}.Release|x64.Build.0 = Release|x64
		{8FACD300-7947-497A-B84A-26F41B684435}.Release|x86.ActiveCfg = Release|x86
		{8FACD300-7947-497A-B84A-26F41B684435}.Release|x86.Build.0 = Release|x86
	EndGlobalSection
	GlobalSection(SolutionProperties) = preSolution
		HideSolutionNode = FALSE
	EndGlobalSection
	GlobalSection(NestedProjects) = preSolution
		{5AA1F381-D9B9-4906-B9A0-D9F1592F7A13} = {0703F30E-8EE3-4C9C-9653-2FEBB1D3230D}
		{16D59ACC-9DAA-4487-8052-08C9815E9E1B} = {0703F30E-8EE3-4C9C-9653-2FEBB1D3230D}
		{F3B6E499-13C0-4C52-8048-37B010285812} = {0703F30E-8EE3-4C9C-9653-2FEBB1D3230D}
		{0B7D908F-5B15-4D9D-89BF-A9B4A9497492} = {0703F30E-8EE3-4C9C-9653-2FEBB1D3230D}
		{6D406FF6-21AD-4488-BBD3-0BEB925E2BC8} = {F3B6E499-13C0-4C52-8048-37B010285812}
		{D8EE0657-3E16-4F0C-80E2-EFE865323636} = {B55F389A-1A9E-4EC3-8017-ABBD10D63FCC}
		{1C8FC806-2028-4740-8E53-AAAFB415AD67} = {B55F389A-1A9E-4EC3-8017-ABBD10D63FCC}
		{264617C2-9321-4239-982F-2F9ED6F7231A} = {B55F389A-1A9E-4EC3-8017-ABBD10D63FCC}
		{B4EA411A-62B2-48C5-A4A3-EC8BFAD44540} = {D8EE0657-3E16-4F0C-80E2-EFE865323636}
		{8FACD300-7947-497A-B84A-26F41B684435} = {1C8FC806-2028-4740-8E53-AAAFB415AD67}
	EndGlobalSection
EndGlobal
